github.com/go-ego/gse v0.80.3 h1:YNFkjMhlhQnUeuoFcUEd1ivh6SOB764rT8GDsEbDiEg=
github.com/go-ego/gse v0.80.3/go.mod h1:Gt3A9Ry1Eso2Kza4MRaiZ7f2DTAvActmETY46Lxg0gU=
github.com/ikawaha/kagome-dict v1.0.9 h1:1Gg735LbBYsdFu13fdTvW6eVt0qIf5+S2qXGJtlG8C0=
github.com/ikawaha/kagome-dict v1.0.9/go.mod h1:mn9itZLkFb6Ixko7q8eZmUabHbg3i9EYewnhOtvd2RM=
github.com/ikawaha/kagome-dict/ipa v1.0.10 h1:wk9I21yg+fKdL6HJB9WgGiyXIiu1VttumJwmIRwn0g8=
github.com/ikawaha/kagome-dict/ipa v1.0.10/go.mod h1:rbaOKrF58zhtpV2+2sVZBj0sUSp9dVKPjr660MehJbs=
github.com/ikawaha/kagome/v2 v2.9.5 h1:uIkf04UWhSrcKa/f6HO0GmXFrBE3kQ1xauyP9EbgBAU=
github.com/ikawaha/kagome/v2 v2.9.5/go.mod h1:OYzxPG9dQSalvznlcLNR8TEKpPwzKhnZszw9LLbf7e8=
github.com/invpt/wordfreq v0.0.0-20250725162739-7fed92b93469 h1:o8oMvL9e0/QteaOF6/IU7NUFawaaFhYgKVV7XMetXdo=
github.com/invpt/wordfreq v0.0.0-20250725162739-7fed92b93469/go.mod h1:HALdz4+Yenk6QSOCWjbjaKbA9gXcqAVq0vG+8gndKsA=
github.com/vcaesar/cedar v0.20.2 h1:TDx7AdZhilKcfE1WvdToTJf5VrC/FXcUOW+KY1upLZ4=
github.com/vcaesar/cedar v0.20.2/go.mod h1:lyuGvALuZZDPNXwpzv/9LyxW+8Y6faN7zauFezNsnik=
github.com/vmihailenco/msgpack/v5 v5.4.1 h1:cQriyiUvjTwOHg8QZaPihLWeRAAVoCpE00IUPn0Bjt8=
github.com/vmihailenco/msgpack/v5 v5.4.1/go.mod h1:GaZTsDaehaPpQVyxrf5mtQlH+pc21PIudVV/E3rRQok=
github.com/vmihailenco/tagparser/v2 v2.0.0 h1:y09buUbR+b5aycVFQs/g70pqKVZNBmxwAhO7/IwNM9g=
github.com/vmihailenco/tagparser/v2 v2.0.0/go.mod h1:Wri+At7QHww0WTrCBeu4J6bNtoV6mEfg5OIWRZA9qds=
golang.org/x/text v0.14.0 h1:ScX5w1eTa3QqT8oi6+ziP7dTV1S2+ALU0bI+0zXKWiQ=
golang.org/x/text v0.14.0/go.mod h1:18ZOQIKpY8NJVqYksKHtTdi31H5itFRjB5/qKTNYzSU=
